{
  "nodes": {
    "flake-utils": {
      "inputs": {
        "systems": "systems"
      },
      "locked": {
        "lastModified": 1731533236,
        "narHash": "sha256-l0KFg5HjrsfsO/JpG+r7fRrqm12kzFHyUHqHCVpMMbI=",
        "owner": "numtide",
        "repo": "flake-utils",
        "rev": "11707dc2f618dd54ca8739b309ec4fc024de578b",
        "type": "github"
      },
      "original": {
        "owner": "numtide",
        "repo": "flake-utils",
        "type": "github"
      }
    },
    "nixpkgs": {
      "locked": {
        "lastModified": 1731676054,
        "narHash": "sha256-OZiZ3m8SCMfh3B6bfGC/Bm4x3qc1m2SVEAlkV6iY7Yg=",
        "owner": "NixOS",
        "repo": "nixpkgs",
        "rev": "5e4fbfb6b3de1aa2872b76d49fafc942626e2add",
        "type": "github"
      },
      "original": {
        "owner": "NixOS",
        "ref": "nixos-unstable",
        "repo": "nixpkgs",
        "type": "github"
      }
    },
    "root": {
      "inputs": {
        "flake-utils": "flake-utils",
        "nixpkgs": "nixpkgs",
        "sqlite-lembed": "sqlite-lembed",
        "sqlite-vec": "sqlite-vec"
      }
    },
    "sqlite-lembed": {
      "flake": false,
      "locked": {
        "lastModified": 1724541092,
        "narHash": "sha256-Kb0y36MCEu13YSzA3b4yeTvy7PAB7z0R05rgqg+RWLg=",
        "owner": "asg017",
        "repo": "sqlite-lembed",
        "rev": "23fe65121d9a440bccc5f46ff89e33f81d02fcb4",
        "type": "github"
      },
      "original": {
        "owner": "asg017",
        "repo": "sqlite-lembed",
        "type": "github"
      }
    },
    "sqlite-vec": {
      "flake": false,
      "locked": {
        "lastModified": 1731698570,
        "narHash": "sha256-Zg1ADAN7XjlK2Oa+vN1i0Dkapu1DMEgDde3FxFTTdmo=",
        "owner": "asg017",
        "repo": "sqlite-vec",
        "rev": "ee3654701f7b8efe4802ff1caed24514f43443dd",
        "type": "github"
      },
      "original": {
        "owner": "asg017",
        "repo": "sqlite-vec",
        "type": "github"
      }
    },
    "systems": {
      "locked": {
        "lastModified": 1681028828,
        "narHash": "sha256-Vy1rq5AaRuLzOxct8nz4T6wlgyUR7zLU309k9mBC768=",
        "owner": "nix-systems",
        "repo": "default",
        "rev": "da67096a3b9bf56a91d16901293e51ba5b49a27e",
        "type": "github"
      },
      "original": {
        "owner": "nix-systems",
        "repo": "default",
        "type": "github"
      }
    }
  },
  "root": "root",
  "version": 7
}
